
Microsoft Visual Studio Solution File, Format Version 12.00
# Visual Studio Version 17
VisualStudioVersion = 17.7.34009.444
MinimumVisualStudioVersion = 10.0.40219.1
Project("{FAE04EC0-301F-11D3-BF4B-00C04F79EFBC}") = "Auth.JWT.Simple.Backend", "Auth.JWT.Simple.Backend.csproj", "{91AEC3EA-E308-411F-8D70-B96D1942DEF8}"
EndProject
Global
	GlobalSection(SolutionConfigurationPlatforms) = preSolution
		Debug|Any CPU = Debug|Any CPU
		Release|Any CPU = Release|Any CPU
	EndGlobalSection
	GlobalSection(ProjectConfigurationPlatforms) = postSolution
		{91AEC3EA-E308-411F-8D70-B96D1942DEF8}.Debug|Any CPU.ActiveCfg = Debug|Any CPU
		{91AEC3EA-E308-411F-8D70-B96D1942DEF8}.Debug|Any CPU.Build.0 = Debug|Any CPU
		{91AEC3EA-E308-411F-8D70-B96D1942DEF8}.Release|Any CPU.ActiveCfg = Release|Any CPU
		{91AEC3EA-E308-411F-8D70-B96D1942DEF8}.Release|Any CPU.Build.0 = Release|Any CPU
	EndGlobalSection
	GlobalSection(SolutionProperties) = preSolution
		HideSolutionNode = FALSE
	EndGlobalSection
	GlobalSection(ExtensibilityGlobals) = postSolution
		SolutionGuid = {F31DDD79-F347-46F0-BFCB-DBCDE0E62283}
	EndGlobalSection
EndGlobal
